// !$*UTF8*$!
{
	archiveVersion = 1;
	classes = {
	};
	objectVersion = 56;
	objects = {

/* Begin PBXBuildFile section */
		DBD963472B8E4B2C00B36A21 /* AppDelegate.swift in Sources */ = {isa = PBXBuildFile; fileRef = DBD963462B8E4B2C00B36A21 /* AppDelegate.swift */; };
		DBD963492B8E4B2C00B36A21 /* SceneDelegate.swift in Sources */ = {isa = PBXBuildFile; fileRef = DBD963482B8E4B2C00B36A21 /* SceneDelegate.swift */; };
		DBD9634B2B8E4B2C00B36A21 /* ViewController.swift in Sources */ = {isa = PBXBuildFile; fileRef = DBD9634A2B8E4B2C00B36A21 /* ViewController.swift */; };
		DBD9634E2B8E4B2C00B36A21 /* Main.storyboard in Resources */ = {isa = PBXBuildFile; fileRef = DBD9634C2B8E4B2C00B36A21 /* Main.storyboard */; };
		DBD963502B8E4B2E00B36A21 /* Assets.xcassets in Resources */ = {isa = PBXBuildFile; fileRef = DBD9634F2B8E4B2E00B36A21 /* Assets.xcassets */; };
		DBD963532B8E4B2E00B36A21 /* LaunchScreen.storyboard in Resources */ = {isa = PBXBuildFile; fileRef = DBD963512B8E4B2E00B36A21 /* LaunchScreen.storyboard */; };
		DBD9635E2B8E4B2E00B36A21 /* GlobantChallengesTests.swift in Sources */ = {isa = PBXBuildFile; fileRef = DBD9635D2B8E4B2E00B36A21 /* GlobantChallengesTests.swift */; };
		DBD963682B8E4B2E00B36A21 /* GlobantChallengesUITests.swift in Sources */ = {isa = PBXBuildFile; fileRef = DBD963672B8E4B2E00B36A21 /* GlobantChallengesUITests.swift */; };
		DBD9636A2B8E4B2E00B36A21 /* GlobantChallengesUITestsLaunchTests.swift in Sources */ = {isa = PBXBuildFile; fileRef = DBD963692B8E4B2E00B36A21 /* GlobantChallengesUITestsLaunchTests.swift */; };
/* End PBXBuildFile section */

/* Begin PBXContainerItemProxy section */
		DBD9635A2B8E4B2E00B36A21 /* PBXContainerItemProxy */ = {
			isa = PBXContainerItemProxy;
			containerPortal = DBD9633B2B8E4B2C00B36A21 /* Project object */;
			proxyType = 1;
			remoteGlobalIDString = DBD963422B8E4B2C00B36A21;
			remoteInfo = GlobantChallenges;
		};
		DBD963642B8E4B2E00B36A21 /* PBXContainerItemProxy */ = {
			isa = PBXContainerItemProxy;
			containerPortal = DBD9633B2B8E4B2C00B36A21 /* Project object */;
			proxyType = 1;
			remoteGlobalIDString = DBD963422B8E4B2C00B36A21;
			remoteInfo = GlobantChallenges;
		};
/* End PBXContainerItemProxy section */

/* Begin PBXFileReference section */
		DBD963432B8E4B2C00B36A21 /* GlobantChallenges.app */ = {isa = PBXFileReference; explicitFileType = wrapper.application; includeInIndex = 0; path = GlobantChallenges.app; sourceTree = BUILT_PRODUCTS_DIR; };
		DBD963462B8E4B2C00B36A21 /* AppDelegate.swift */ = {isa = PBXFileReference; lastKnownFileType = sourcecode.swift; path = AppDelegate.swift; sourceTree = "<group>"; };
		DBD963482B8E4B2C00B36A21 /* SceneDelegate.swift */ = {isa = PBXFileReference; lastKnownFileType = sourcecode.swift; path = SceneDelegate.swift; sourceTree = "<group>"; };
		DBD9634A2B8E4B2C00B36A21 /* ViewController.swift */ = {isa = PBXFileReference; lastKnownFileType = sourcecode.swift; path = ViewController.swift; sourceTree = "<group>"; };
		DBD9634D2B8E4B2C00B36A21 /* Base */ = {isa = PBXFileReference; lastKnownFileType = file.storyboard; name = Base; path = Base.lproj/Main.storyboard; sourceTree = "<group>"; };
		DBD9634F2B8E4B2E00B36A21 /* Assets.xcassets */ = {isa = PBXFileReference; lastKnownFileType = folder.assetcatalog; path = Assets.xcassets; sourceTree = "<group>"; };
		DBD963522B8E4B2E00B36A21 /* Base */ = {isa = PBXFileReference; lastKnownFileType = file.storyboard; name = Base; path = Base.lproj/LaunchScreen.storyboard; sourceTree = "<group>"; };
		DBD963542B8E4B2E00B36A21 /* Info.plist */ = {isa = PBXFileReference; lastKnownFileType = text.plist.xml; path = Info.plist; sourceTree = "<group>"; };
		DBD963592B8E4B2E00B36A21 /* GlobantChallengesTests.xctest */ = {isa = PBXFileReference; explicitFileType = wrapper.cfbundle; includeInIndex = 0; path = GlobantChallengesTests.xctest; sourceTree = BUILT_PRODUCTS_DIR; };
		DBD9635D2B8E4B2E00B36A21 /* GlobantChallengesTests.swift */ = {isa = PBXFileReference; lastKnownFileType = sourcecode.swift; path = GlobantChallengesTests.swift; sourceTree = "<group>"; };
		DBD963632B8E4B2E00B36A21 /* GlobantChallengesUITests.xctest */ = {isa = PBXFileReference; explicitFileType = wrapper.cfbundle; includeInIndex = 0; path = GlobantChallengesUITests.xctest; sourceTree = BUILT_PRODUCTS_DIR; };
		DBD963672B8E4B2E00B36A21 /* GlobantChallengesUITests.swift */ = {isa = PBXFileReference; lastKnownFileType = sourcecode.swift; path = GlobantChallengesUITests.swift; sourceTree = "<group>"; };
		DBD963692B8E4B2E00B36A21 /* GlobantChallengesUITestsLaunchTests.swift */ = {isa = PBXFileReference; lastKnownFileType = sourcecode.swift; path = GlobantChallengesUITestsLaunchTests.swift; sourceTree = "<group>"; };
/* End PBXFileReference section */

/* Begin PBXFrameworksBuildPhase section */
		DBD963402B8E4B2C00B36A21 /* Frameworks */ = {
			isa = PBXFrameworksBuildPhase;
			buildActionMask = 2147483647;
			files = (
			);
			runOnlyForDeploymentPostprocessing = 0;
		};
		DBD963562B8E4B2E00B36A21 /* Frameworks */ = {
			isa = PBXFrameworksBuildPhase;
			buildActionMask = 2147483647;
			files = (
			);
			runOnlyForDeploymentPostprocessing = 0;
		};
		DBD963602B8E4B2E00B36A21 /* Frameworks */ = {
			isa = PBXFrameworksBuildPhase;
			buildActionMask = 2147483647;
			files = (
			);
			runOnlyForDeploymentPostprocessing = 0;
		};
/* End PBXFrameworksBuildPhase section */

/* Begin PBXGroup section */
		DBD9633A2B8E4B2C00B36A21 = {
			isa = PBXGroup;
			children = (
				DBD963452B8E4B2C00B36A21 /* GlobantChallenges */,
				DBD9635C2B8E4B2E00B36A21 /* GlobantChallengesTests */,
				DBD963662B8E4B2E00B36A21 /* GlobantChallengesUITests */,
				DBD963442B8E4B2C00B36A21 /* Products */,
			);
			sourceTree = "<group>";
		};
		DBD963442B8E4B2C00B36A21 /* Products */ = {
			isa = PBXGroup;
			children = (
				DBD963432B8E4B2C00B36A21 /* GlobantChallenges.app */,
				DBD963592B8E4B2E00B36A21 /* GlobantChallengesTests.xctest */,
				DBD963632B8E4B2E00B36A21 /* GlobantChallengesUITests.xctest */,
			);
			name = Products;
			sourceTree = "<group>";
		};
		DBD963452B8E4B2C00B36A21 /* GlobantChallenges */ = {
			isa = PBXGroup;
			children = (
				DBD963462B8E4B2C00B36A21 /* AppDelegate.swift */,
				DBD963482B8E4B2C00B36A21 /* SceneDelegate.swift */,
				DBD9634A2B8E4B2C00B36A21 /* ViewController.swift */,
				DBD9634C2B8E4B2C00B36A21 /* Main.storyboard */,
				DBD9634F2B8E4B2E00B36A21 /* Assets.xcassets */,
				DBD963512B8E4B2E00B36A21 /* LaunchScreen.storyboard */,
				DBD963542B8E4B2E00B36A21 /* Info.plist */,
			);
			path = GlobantChallenges;
			sourceTree = "<group>";
		};
		DBD9635C2B8E4B2E00B36A21 /* GlobantChallengesTests */ = {
			isa = PBXGroup;
			children = (
				DBD9635D2B8E4B2E00B36A21 /* GlobantChallengesTests.swift */,
			);
			path = GlobantChallengesTests;
			sourceTree = "<group>";
		};
		DBD963662B8E4B2E00B36A21 /* GlobantChallengesUITests */ = {
			isa = PBXGroup;
			children = (
				DBD963672B8E4B2E00B36A21 /* GlobantChallengesUITests.swift */,
				DBD963692B8E4B2E00B36A21 /* GlobantChallengesUITestsLaunchTests.swift */,
			);
			path = GlobantChallengesUITests;
			sourceTree = "<group>";
		};
/* End PBXGroup section */

/* Begin PBXNativeTarget section */
		DBD963422B8E4B2C00B36A21 /* GlobantChallenges */ = {
			isa = PBXNativeTarget;
			buildConfigurationList = DBD9636D2B8E4B2E00B36A21 /* Build configuration list for PBXNativeTarget "GlobantChallenges" */;
			buildPhases = (
				DBD9633F2B8E4B2C00B36A21 /* Sources */,
				DBD963402B8E4B2C00B36A21 /* Frameworks */,
				DBD963412B8E4B2C00B36A21 /* Resources */,
			);
			buildRules = (
			);
			dependencies = (
			);
			name = GlobantChallenges;
			productName = GlobantChallenges;
			productReference = DBD963432B8E4B2C00B36A21 /* GlobantChallenges.app */;
			productType = "com.apple.product-type.application";
		};
		DBD963582B8E4B2E00B36A21 /* GlobantChallengesTests */ = {
			isa = PBXNativeTarget;
			buildConfigurationList = DBD963702B8E4B2E00B36A21 /* Build configuration list for PBXNativeTarget "GlobantChallengesTests" */;
			buildPhases = (
				DBD963552B8E4B2E00B36A21 /* Sources */,
				DBD963562B8E4B2E00B36A21 /* Frameworks */,
				DBD963572B8E4B2E00B36A21 /* Resources */,
			);
			buildRules = (
			);
			dependencies = (
				DBD9635B2B8E4B2E00B36A21 /* PBXTargetDependency */,
			);
			name = GlobantChallengesTests;
			productName = GlobantChallengesTests;
			productReference = DBD963592B8E4B2E00B36A21 /* GlobantChallengesTests.xctest */;
			productType = "com.apple.product-type.bundle.unit-test";
		};
		DBD963622B8E4B2E00B36A21 /* GlobantChallengesUITests */ = {
			isa = PBXNativeTarget;
			buildConfigurationList = DBD963732B8E4B2E00B36A21 /* Build configuration list for PBXNativeTarget "GlobantChallengesUITests" */;
			buildPhases = (
				DBD9635F2B8E4B2E00B36A21 /* Sources */,
				DBD963602B8E4B2E00B36A21 /* Frameworks */,
				DBD963612B8E4B2E00B36A21 /* Resources */,
			);
			buildRules = (
			);
			dependencies = (
				DBD963652B8E4B2E00B36A21 /* PBXTargetDependency */,
			);
			name = GlobantChallengesUITests;
			productName = GlobantChallengesUITests;
			productReference = DBD963632B8E4B2E00B36A21 /* GlobantChallengesUITests.xctest */;
			productType = "com.apple.product-type.bundle.ui-testing";
		};
/* End PBXNativeTarget section */

/* Begin PBXProject section */
		DBD9633B2B8E4B2C00B36A21 /* Project object */ = {
			isa = PBXProject;
			attributes = {
				BuildIndependentTargetsInParallel = 1;
				LastSwiftUpdateCheck = 1420;
				LastUpgradeCheck = 1420;
				TargetAttributes = {
					DBD963422B8E4B2C00B36A21 = {
						CreatedOnToolsVersion = 14.2;
					};
					DBD963582B8E4B2E00B36A21 = {
						CreatedOnToolsVersion = 14.2;
						TestTargetID = DBD963422B8E4B2C00B36A21;
					};
					DBD963622B8E4B2E00B36A21 = {
						CreatedOnToolsVersion = 14.2;
						TestTargetID = DBD963422B8E4B2C00B36A21;
					};
				};
			};
			buildConfigurationList = DBD9633E2B8E4B2C00B36A21 /* Build configuration list for PBXProject "GlobantChallenges" */;
			compatibilityVersion = "Xcode 14.0";
			developmentRegion = en;
			hasScannedForEncodings = 0;
			knownRegions = (
				en,
				Base,
			);
			mainGroup = DBD9633A2B8E4B2C00B36A21;
			productRefGroup = DBD963442B8E4B2C00B36A21 /* Products */;
			projectDirPath = "";
			projectRoot = "";
			targets = (
				DBD963422B8E4B2C00B36A21 /* GlobantChallenges */,
				DBD963582B8E4B2E00B36A21 /* GlobantChallengesTests */,
				DBD963622B8E4B2E00B36A21 /* GlobantChallengesUITests */,
			);
		};
/* End PBXProject section */

/* Begin PBXResourcesBuildPhase section */
		DBD963412B8E4B2C00B36A21 /* Resources */ = {
			isa = PBXResourcesBuildPhase;
			buildActionMask = 2147483647;
			files = (
				DBD963532B8E4B2E00B36A21 /* LaunchScreen.storyboard in Resources */,
				DBD963502B8E4B2E00B36A21 /* Assets.xcassets in Resources */,
				DBD9634E2B8E4B2C00B36A21 /* Main.storyboard in Resources */,
			);
			runOnlyForDeploymentPostprocessing = 0;
		};
		DBD963572B8E4B2E00B36A21 /* Resources */ = {
			isa = PBXResourcesBuildPhase;
			buildActionMask = 2147483647;
			files = (
			);
			runOnlyForDeploymentPostprocessing = 0;
		};
		DBD963612B8E4B2E00B36A21 /* Resources */ = {
			isa = PBXResourcesBuildPhase;
			buildActionMask = 2147483647;
			files = (
			);
			runOnlyForDeploymentPostprocessing = 0;
		};
/* End PBXResourcesBuildPhase section */

/* Begin PBXSourcesBuildPhase section */
		DBD9633F2B8E4B2C00B36A21 /* Sources */ = {
			isa = PBXSourcesBuildPhase;
			buildActionMask = 2147483647;
			files = (
				DBD9634B2B8E4B2C00B36A21 /* ViewController.swift in Sources */,
				DBD963472B8E4B2C00B36A21 /* AppDelegate.swift in Sources */,
				DBD963492B8E4B2C00B36A21 /* SceneDelegate.swift in Sources */,
			);
			runOnlyForDeploymentPostprocessing = 0;
		};
		DBD963552B8E4B2E00B36A21 /* Sources */ = {
			isa = PBXSourcesBuildPhase;
			buildActionMask = 2147483647;
			files = (
				DBD9635E2B8E4B2E00B36A21 /* GlobantChallengesTests.swift in Sources */,
			);
			runOnlyForDeploymentPostprocessing = 0;
		};
		DBD9635F2B8E4B2E00B36A21 /* Sources */ = {
			isa = PBXSourcesBuildPhase;
			buildActionMask = 2147483647;
			files = (
				DBD9636A2B8E4B2E00B36A21 /* GlobantChallengesUITestsLaunchTests.swift in Sources */,
				DBD963682B8E4B2E00B36A21 /* GlobantChallengesUITests.swift in Sources */,
			);
			runOnlyForDeploymentPostprocessing = 0;
		};
/* End PBXSourcesBuildPhase section */

/* Begin PBXTargetDependency section */
		DBD9635B2B8E4B2E00B36A21 /* PBXTargetDependency */ = {
			isa = PBXTargetDependency;
			target = DBD963422B8E4B2C00B36A21 /* GlobantChallenges */;
			targetProxy = DBD9635A2B8E4B2E00B36A21 /* PBXContainerItemProxy */;
		};
		DBD963652B8E4B2E00B36A21 /* PBXTargetDependency */ = {
			isa = PBXTargetDependency;
			target = DBD963422B8E4B2C00B36A21 /* GlobantChallenges */;
			targetProxy = DBD963642B8E4B2E00B36A21 /* PBXContainerItemProxy */;
		};
/* End PBXTargetDependency section */

/* Begin PBXVariantGroup section */
		DBD9634C2B8E4B2C00B36A21 /* Main.storyboard */ = {
			isa = PBXVariantGroup;
			children = (
				DBD9634D2B8E4B2C00B36A21 /* Base */,
			);
			name = Main.storyboard;
			sourceTree = "<group>";
		};
		DBD963512B8E4B2E00B36A21 /* LaunchScreen.storyboard */ = {
			isa = PBXVariantGroup;
			children = (
				DBD963522B8E4B2E00B36A21 /* Base */,
			);
			name = LaunchScreen.storyboard;
			sourceTree = "<group>";
		};
/* End PBXVariantGroup section */

/* Begin XCBuildConfiguration section */
		DBD9636B2B8E4B2E00B36A21 /* Debug */ = {
			isa = XCBuildConfiguration;
			buildSettings = {
				ALWAYS_SEARCH_USER_PATHS = NO;
				CLANG_ANALYZER_NONNULL = YES;
				CLANG_ANALYZER_NUMBER_OBJECT_CONVERSION = YES_AGGRESSIVE;
				CLANG_CXX_LANGUAGE_STANDARD = "gnu++20";
				CLANG_ENABLE_MODULES = YES;
				CLANG_ENABLE_OBJC_ARC = YES;
				CLANG_ENABLE_OBJC_WEAK = YES;
				CLANG_WARN_BLOCK_CAPTURE_AUTORELEASING = YES;
				CLANG_WARN_BOOL_CONVERSION = YES;
				CLANG_WARN_COMMA = YES;
				CLANG_WARN_CONSTANT_CONVERSION = YES;
				CLANG_WARN_DEPRECATED_OBJC_IMPLEMENTATIONS = YES;
				CLANG_WARN_DIRECT_OBJC_ISA_USAGE = YES_ERROR;
				CLANG_WARN_DOCUMENTATION_COMMENTS = YES;
				CLANG_WARN_EMPTY_BODY = YES;
				CLANG_WARN_ENUM_CONVERSION = YES;
				CLANG_WARN_INFINITE_RECURSION = YES;
				CLANG_WARN_INT_CONVERSION = YES;
				CLANG_WARN_NON_LITERAL_NULL_CONVERSION = YES;
				CLANG_WARN_OBJC_IMPLICIT_RETAIN_SELF = YES;
				CLANG_WARN_OBJC_LITERAL_CONVERSION = YES;
				CLANG_WARN_OBJC_ROOT_CLASS = YES_ERROR;
				CLANG_WARN_QUOTED_INCLUDE_IN_FRAMEWORK_HEADER = YES;
				CLANG_WARN_RANGE_LOOP_ANALYSIS = YES;
				CLANG_WARN_STRICT_PROTOTYPES = YES;
				CLANG_WARN_SUSPICIOUS_MOVE = YES;
				CLANG_WARN_UNGUARDED_AVAILABILITY = YES_AGGRESSIVE;
				CLANG_WARN_UNREACHABLE_CODE = YES;
				CLANG_WARN__DUPLICATE_METHOD_MATCH = YES;
				COPY_PHASE_STRIP = NO;
				DEBUG_INFORMATION_FORMAT = dwarf;
				ENABLE_STRICT_OBJC_MSGSEND = YES;
				ENABLE_TESTABILITY = YES;
				GCC_C_LANGUAGE_STANDARD = gnu11;
				GCC_DYNAMIC_NO_PIC = NO;
				GCC_NO_COMMON_BLOCKS = YES;
				GCC_OPTIMIZATION_LEVEL = 0;
				GCC_PREPROCESSOR_DEFINITIONS = (
					"DEBUG=1",
					"$(inherited)",
				);
				GCC_WARN_64_TO_32_BIT_CONVERSION = YES;
				GCC_WARN_ABOUT_RETURN_TYPE = YES_ERROR;
				GCC_WARN_UNDECLARED_SELECTOR = YES;
				GCC_WARN_UNINITIALIZED_AUTOS = YES_AGGRESSIVE;
				GCC_WARN_UNUSED_FUNCTION = YES;
				GCC_WARN_UNUSED_VARIABLE = YES;
				IPHONEOS_DEPLOYMENT_TARGET = 16.2;
				MTL_ENABLE_DEBUG_INFO = INCLUDE_SOURCE;
				MTL_FAST_MATH = YES;
				ONLY_ACTIVE_ARCH = YES;
				SDKROOT = iphoneos;
				SWIFT_ACTIVE_COMPILATION_CONDITIONS = DEBUG;
				SWIFT_OPTIMIZATION_LEVEL = "-Onone";
			};
			name = Debug;
		};
		DBD9636C2B8E4B2E00B36A21 /* Release */ = {
			isa = XCBuildConfiguration;
			buildSettings = {
				ALWAYS_SEARCH_USER_PATHS = NO;
				CLANG_ANALYZER_NONNULL = YES;
				CLANG_ANALYZER_NUMBER_OBJECT_CONVERSION = YES_AGGRESSIVE;
				CLANG_CXX_LANGUAGE_STANDARD = "gnu++20";
				CLANG_ENABLE_MODULES = YES;
				CLANG_ENABLE_OBJC_ARC = YES;
				CLANG_ENABLE_OBJC_WEAK = YES;
				CLANG_WARN_BLOCK_CAPTURE_AUTORELEASING = YES;
				CLANG_WARN_BOOL_CONVERSION = YES;
				CLANG_WARN_COMMA = YES;
				CLANG_WARN_CONSTANT_CONVERSION = YES;
				CLANG_WARN_DEPRECATED_OBJC_IMPLEMENTATIONS = YES;
				CLANG_WARN_DIRECT_OBJC_ISA_USAGE = YES_ERROR;
				CLANG_WARN_DOCUMENTATION_COMMENTS = YES;
				CLANG_WARN_EMPTY_BODY = YES;
				CLANG_WARN_ENUM_CONVERSION = YES;
				CLANG_WARN_INFINITE_RECURSION = YES;
				CLANG_WARN_INT_CONVERSION = YES;
				CLANG_WARN_NON_LITERAL_NULL_CONVERSION = YES;
				CLANG_WARN_OBJC_IMPLICIT_RETAIN_SELF = YES;
				CLANG_WARN_OBJC_LITERAL_CONVERSION = YES;
				CLANG_WARN_OBJC_ROOT_CLASS = YES_ERROR;
				CLANG_WARN_QUOTED_INCLUDE_IN_FRAMEWORK_HEADER = YES;
				CLANG_WARN_RANGE_LOOP_ANALYSIS = YES;
				CLANG_WARN_STRICT_PROTOTYPES = YES;
				CLANG_WARN_SUSPICIOUS_MOVE = YES;
				CLANG_WARN_UNGUARDED_AVAILABILITY = YES_AGGRESSIVE;
				CLANG_WARN_UNREACHABLE_CODE = YES;
				CLANG_WARN__DUPLICATE_METHOD_MATCH = YES;
				COPY_PHASE_STRIP = NO;
				DEBUG_INFORMATION_FORMAT = "dwarf-with-dsym";
				ENABLE_NS_ASSERTIONS = NO;
				ENABLE_STRICT_OBJC_MSGSEND = YES;
				GCC_C_LANGUAGE_STANDARD = gnu11;
				GCC_NO_COMMON_BLOCKS = YES;
				GCC_WARN_64_TO_32_BIT_CONVERSION = YES;
				GCC_WARN_ABOUT_RETURN_TYPE = YES_ERROR;
				GCC_WARN_UNDECLARED_SELECTOR = YES;
				GCC_WARN_UNINITIALIZED_AUTOS = YES_AGGRESSIVE;
				GCC_WARN_UNUSED_FUNCTION = YES;
				GCC_WARN_UNUSED_VARIABLE = YES;
				IPHONEOS_DEPLOYMENT_TARGET = 16.2;
				MTL_ENABLE_DEBUG_INFO = NO;
				MTL_FAST_MATH = YES;
				SDKROOT = iphoneos;
				SWIFT_COMPILATION_MODE = wholemodule;
				SWIFT_OPTIMIZATION_LEVEL = "-O";
				VALIDATE_PRODUCT = YES;
			};
			name = Release;
		};
		DBD9636E2B8E4B2E00B36A21 /* Debug */ = {
			isa = XCBuildConfiguration;
			buildSettings = {
				ASSETCATALOG_COMPILER_APPICON_NAME = AppIcon;
				ASSETCATALOG_COMPILER_GLOBAL_ACCENT_COLOR_NAME = AccentColor;
				CODE_SIGN_STYLE = Automatic;
				CURRENT_PROJECT_VERSION = 1;
				GENERATE_INFOPLIST_FILE = YES;
				INFOPLIST_FILE = GlobantChallenges/Info.plist;
				INFOPLIST_KEY_UIApplicationSupportsIndirectInputEvents = YES;
				INFOPLIST_KEY_UILaunchStoryboardName = LaunchScreen;
				INFOPLIST_KEY_UIMainStoryboardFile = Main;
				INFOPLIST_KEY_UISupportedInterfaceOrientations_iPad = "UIInterfaceOrientationPortrait UIInterfaceOrientationPortraitUpsideDown UIInterfaceOrientationLandscapeLeft UIInterfaceOrientationLandscapeRight";
				INFOPLIST_KEY_UISupportedInterfaceOrientations_iPhone = "UIInterfaceOrientationPortrait UIInterfaceOrientationLandscapeLeft UIInterfaceOrientationLandscapeRight";
				LD_RUNPATH_SEARCH_PATHS = (
					"$(inherited)",
					"@executable_path/Frameworks",
				);
				MARKETING_VERSION = 1.0;
				PRODUCT_BUNDLE_IDENTIFIER = comSwiftSyncup.GlobantChallenges;
				PRODUCT_NAME = "$(TARGET_NAME)";
				SWIFT_EMIT_LOC_STRINGS = YES;
				SWIFT_VERSION = 5.0;
				TARGETED_DEVICE_FAMILY = "1,2";
			};
			name = Debug;
		};
		DBD9636F2B8E4B2E00B36A21 /* Release */ = {
			isa = XCBuildConfiguration;
			buildSettings = {
				ASSETCATALOG_COMPILER_APPICON_NAME = AppIcon;
				ASSETCATALOG_COMPILER_GLOBAL_ACCENT_COLOR_NAME = AccentColor;
				CODE_SIGN_STYLE = Automatic;
				CURRENT_PROJECT_VERSION = 1;
				GENERATE_INFOPLIST_FILE = YES;
				INFOPLIST_FILE = GlobantChallenges/Info.plist;
				INFOPLIST_KEY_UIApplicationSupportsIndirectInputEvents = YES;
				INFOPLIST_KEY_UILaunchStoryboardName = LaunchScreen;
				INFOPLIST_KEY_UIMainStoryboardFile = Main;
				INFOPLIST_KEY_UISupportedInterfaceOrientations_iPad = "UIInterfaceOrientationPortrait UIInterfaceOrientationPortraitUpsideDown UIInterfaceOrientationLandscapeLeft UIInterfaceOrientationLandscapeRight";
				INFOPLIST_KEY_UISupportedInterfaceOrientations_iPhone = "UIInterfaceOrientationPortrait UIInterfaceOrientationLandscapeLeft UIInterfaceOrientationLandscapeRight";
				LD_RUNPATH_SEARCH_PATHS = (
					"$(inherited)",
					"@executable_path/Frameworks",
				);
				MARKETING_VERSION = 1.0;
				PRODUCT_BUNDLE_IDENTIFIER = comSwiftSyncup.GlobantChallenges;
				PRODUCT_NAME = "$(TARGET_NAME)";
				SWIFT_EMIT_LOC_STRINGS = YES;
				SWIFT_VERSION = 5.0;
				TARGETED_DEVICE_FAMILY = "1,2";
			};
			name = Release;
		};
		DBD963712B8E4B2E00B36A21 /* Debug */ = {
			isa = XCBuildConfiguration;
			buildSettings = {
				ALWAYS_EMBED_SWIFT_STANDARD_LIBRARIES = YES;
				BUNDLE_LOADER = "$(TEST_HOST)";
				CODE_SIGN_STYLE = Automatic;
				CURRENT_PROJECT_VERSION = 1;
				GENERATE_INFOPLIST_FILE = YES;
				IPHONEOS_DEPLOYMENT_TARGET = 16.2;
				MARKETING_VERSION = 1.0;
				PRODUCT_BUNDLE_IDENTIFIER = comSwiftSyncup.GlobantChallengesTests;
				PRODUCT_NAME = "$(TARGET_NAME)";
				SWIFT_EMIT_LOC_STRINGS = NO;
				SWIFT_VERSION = 5.0;
				TARGETED_DEVICE_FAMILY = "1,2";
				TEST_HOST = "$(BUILT_PRODUCTS_DIR)/GlobantChallenges.app/$(BUNDLE_EXECUTABLE_FOLDER_PATH)/GlobantChallenges";
			};
			name = Debug;
		};
		DBD963722B8E4B2E00B36A21 /* Release */ = {
			isa = XCBuildConfiguration;
			buildSettings = {
				ALWAYS_EMBED_SWIFT_STANDARD_LIBRARIES = YES;
				BUNDLE_LOADER = "$(TEST_HOST)";
				CODE_SIGN_STYLE = Automatic;
				CURRENT_PROJECT_VERSION = 1;
				GENERATE_INFOPLIST_FILE = YES;
				IPHONEOS_DEPLOYMENT_TARGET = 16.2;
				MARKETING_VERSION = 1.0;
				PRODUCT_BUNDLE_IDENTIFIER = comSwiftSyncup.GlobantChallengesTests;
				PRODUCT_NAME = "$(TARGET_NAME)";
				SWIFT_EMIT_LOC_STRINGS = NO;
				SWIFT_VERSION = 5.0;
				TARGETED_DEVICE_FAMILY = "1,2";
				TEST_HOST = "$(BUILT_PRODUCTS_DIR)/GlobantChallenges.app/$(BUNDLE_EXECUTABLE_FOLDER_PATH)/GlobantChallenges";
			};
			name = Release;
		};
		DBD963742B8E4B2E00B36A21 /* Debug */ = {
			isa = XCBuildConfiguration;
			buildSettings = {
				ALWAYS_EMBED_SWIFT_STANDARD_LIBRARIES = YES;
				CODE_SIGN_STYLE = Automatic;
				CURRENT_PROJECT_VERSION = 1;
				GENERATE_INFOPLIST_FILE = YES;
				MARKETING_VERSION = 1.0;
				PRODUCT_BUNDLE_IDENTIFIER = comSwiftSyncup.GlobantChallengesUITests;
				PRODUCT_NAME = "$(TARGET_NAME)";
				SWIFT_EMIT_LOC_STRINGS = NO;
				SWIFT_VERSION = 5.0;
				TARGETED_DEVICE_FAMILY = "1,2";
				TEST_TARGET_NAME = GlobantChallenges;
			};
			name = Debug;
		};
		DBD963752B8E4B2E00B36A21 /* Release */ = {
			isa = XCBuildConfiguration;
			buildSettings = {
				ALWAYS_EMBED_SWIFT_STANDARD_LIBRARIES = YES;
				CODE_SIGN_STYLE = Automatic;
				CURRENT_PROJECT_VERSION = 1;
				GENERATE_INFOPLIST_FILE = YES;
				MARKETING_VERSION = 1.0;
				PRODUCT_BUNDLE_IDENTIFIER = comSwiftSyncup.GlobantChallengesUITests;
				PRODUCT_NAME = "$(TARGET_NAME)";
				SWIFT_EMIT_LOC_STRINGS = NO;
				SWIFT_VERSION = 5.0;
				TARGETED_DEVICE_FAMILY = "1,2";
				TEST_TARGET_NAME = GlobantChallenges;
			};
			name = Release;
		};
/* End XCBuildConfiguration section */

/* Begin XCConfigurationList section */
		DBD9633E2B8E4B2C00B36A21 /* Build configuration list for PBXProject "GlobantChallenges" */ = {
			isa = XCConfigurationList;
			buildConfigurations = (
				DBD9636B2B8E4B2E00B36A21 /* Debug */,
				DBD9636C2B8E4B2E00B36A21 /* Release */,
			);
			defaultConfigurationIsVisible = 0;
			defaultConfigurationName = Release;
		};
		DBD9636D2B8E4B2E00B36A21 /* Build configuration list for PBXNativeTarget "GlobantChallenges" */ = {
			isa = XCConfigurationList;
			buildConfigurations = (
				DBD9636E2B8E4B2E00B36A21 /* Debug */,
				DBD9636F2B8E4B2E00B36A21 /* Release */,
			);
			defaultConfigurationIsVisible = 0;
			defaultConfigurationName = Release;
		};
		DBD963702B8E4B2E00B36A21 /* Build configuration list for PBXNativeTarget "GlobantChallengesTests" */ = {
			isa = XCConfigurationList;
			buildConfigurations = (
				DBD963712B8E4B2E00B36A21 /* Debug */,
				DBD963722B8E4B2E00B36A21 /* Release */,
			);
			defaultConfigurationIsVisible = 0;
			defaultConfigurationName = Release;
		};
		DBD963732B8E4B2E00B36A21 /* Build configuration list for PBXNativeTarget "GlobantChallengesUITests" */ = {
			isa = XCConfigurationList;
			buildConfigurations = (
				DBD963742B8E4B2E00B36A21 /* Debug */,
				DBD963752B8E4B2E00B36A21 /* Release */,
			);
			defaultConfigurationIsVisible = 0;
			defaultConfigurationName = Release;
		};
/* End XCConfigurationList section */
	};
	rootObject = DBD9633B2B8E4B2C00B36A21 /* Project object */;
}
